
<<<<<<< HEAD
Microsoft Visual Studio Solution File, Format Version 11.00
# Visual Studio 2010
Project("{FAE04EC0-301F-11D3-BF4B-00C04F79EFBC}") = "Blackcard", "Assembly-CSharp.csproj", "{B6598929-E860-9DA7-3858-1D292D1D4A07}"
=======
Microsoft Visual Studio Solution File, Format Version 12.00
# Visual Studio 2015
Project("{FAE04EC0-301F-11D3-BF4B-00C04F79EFBC}") = "Blackcard", "Blackcard.csproj", "{FCACB203-5AC9-38B7-DF75-E684C2D5E2DA}"
>>>>>>> master
EndProject
Global
	GlobalSection(SolutionConfigurationPlatforms) = preSolution
		Debug|Any CPU = Debug|Any CPU
		Release|Any CPU = Release|Any CPU
	EndGlobalSection
	GlobalSection(ProjectConfigurationPlatforms) = postSolution
<<<<<<< HEAD
		{B6598929-E860-9DA7-3858-1D292D1D4A07}.Debug|Any CPU.ActiveCfg = Debug|Any CPU
		{B6598929-E860-9DA7-3858-1D292D1D4A07}.Debug|Any CPU.Build.0 = Debug|Any CPU
		{B6598929-E860-9DA7-3858-1D292D1D4A07}.Release|Any CPU.ActiveCfg = Release|Any CPU
		{B6598929-E860-9DA7-3858-1D292D1D4A07}.Release|Any CPU.Build.0 = Release|Any CPU
=======
		{FCACB203-5AC9-38B7-DF75-E684C2D5E2DA}.Debug|Any CPU.ActiveCfg = Debug|Any CPU
		{FCACB203-5AC9-38B7-DF75-E684C2D5E2DA}.Debug|Any CPU.Build.0 = Debug|Any CPU
		{FCACB203-5AC9-38B7-DF75-E684C2D5E2DA}.Release|Any CPU.ActiveCfg = Release|Any CPU
		{FCACB203-5AC9-38B7-DF75-E684C2D5E2DA}.Release|Any CPU.Build.0 = Release|Any CPU
>>>>>>> master
	EndGlobalSection
	GlobalSection(SolutionProperties) = preSolution
		HideSolutionNode = FALSE
	EndGlobalSection
	GlobalSection(MonoDevelopProperties) = preSolution
		StartupItem = Assembly-CSharp.csproj
	EndGlobalSection
EndGlobal
